
Microsoft Visual Studio Solution File, Format Version 12.00
# Visual Studio 15
Project("{FAE04EC0-301F-11D3-BF4B-00C04F79EFBC}") = "Players", "Players.csproj", "{72EC808C-8177-D693-F67F-FF1E68C8EBCA}"
EndProject
Project("{FAE04EC0-301F-11D3-BF4B-00C04F79EFBC}") = "Core", "Core.csproj", "{0B0E5293-EE82-55C9-9A6B-D14526DFCE2A}"
EndProject
Project("{FAE04EC0-301F-11D3-BF4B-00C04F79EFBC}") = "Consumables", "Consumables.csproj", "{3C41DFE9-A884-5CE4-3A76-07AF3E4FB3A8}"
EndProject
Project("{FAE04EC0-301F-11D3-BF4B-00C04F79EFBC}") = "Interactables", "Interactables.csproj", "{C63761A2-7DDB-A4D7-B753-74DF302281BC}"
EndProject
Global
	GlobalSection(SolutionConfigurationPlatforms) = preSolution
		Debug|Any CPU = Debug|Any CPU
		Release|Any CPU = Release|Any CPU
	EndGlobalSection
	GlobalSection(ProjectConfigurationPlatforms) = postSolution
		{72EC808C-8177-D693-F67F-FF1E68C8EBCA}.Debug|Any CPU.ActiveCfg = Debug|Any CPU
		{72EC808C-8177-D693-F67F-FF1E68C8EBCA}.Debug|Any CPU.Build.0 = Debug|Any CPU
		{72EC808C-8177-D693-F67F-FF1E68C8EBCA}.Release|Any CPU.ActiveCfg = Release|Any CPU
		{72EC808C-8177-D693-F67F-FF1E68C8EBCA}.Release|Any CPU.Build.0 = Release|Any CPU
		{0B0E5293-EE82-55C9-9A6B-D14526DFCE2A}.Debug|Any CPU.ActiveCfg = Debug|Any CPU
		{0B0E5293-EE82-55C9-9A6B-D14526DFCE2A}.Debug|Any CPU.Build.0 = Debug|Any CPU
		{0B0E5293-EE82-55C9-9A6B-D14526DFCE2A}.Release|Any CPU.ActiveCfg = Release|Any CPU
		{0B0E5293-EE82-55C9-9A6B-D14526DFCE2A}.Release|Any CPU.Build.0 = Release|Any CPU
		{3C41DFE9-A884-5CE4-3A76-07AF3E4FB3A8}.Debug|Any CPU.ActiveCfg = Debug|Any CPU
		{3C41DFE9-A884-5CE4-3A76-07AF3E4FB3A8}.Debug|Any CPU.Build.0 = Debug|Any CPU
		{3C41DFE9-A884-5CE4-3A76-07AF3E4FB3A8}.Release|Any CPU.ActiveCfg = Release|Any CPU
		{3C41DFE9-A884-5CE4-3A76-07AF3E4FB3A8}.Release|Any CPU.Build.0 = Release|Any CPU
		{C63761A2-7DDB-A4D7-B753-74DF302281BC}.Debug|Any CPU.ActiveCfg = Debug|Any CPU
		{C63761A2-7DDB-A4D7-B753-74DF302281BC}.Debug|Any CPU.Build.0 = Debug|Any CPU
		{C63761A2-7DDB-A4D7-B753-74DF302281BC}.Release|Any CPU.ActiveCfg = Release|Any CPU
		{C63761A2-7DDB-A4D7-B753-74DF302281BC}.Release|Any CPU.Build.0 = Release|Any CPU
	EndGlobalSection
	GlobalSection(SolutionProperties) = preSolution
		HideSolutionNode = FALSE
	EndGlobalSection
EndGlobal
